Microsoft Visual Studio Solution File, Format Version 11.00
# Visual Studio 2010
Project("{2150E333-8FDC-42A3-9474-1A3956D46DE8}") = "(deps)", "deps", "{01DF18E8-89C6-A25E-0006-40F7C4BCED1B}"
EndProject
Project("{8BC9CEB8-8B4A-11D0-8D11-00A0C91BC942}") = "jsoncpp", "deps\jsoncpp\jsoncpp.vcxproj", "{ADAA7896-18C3-1249-BC39-AB8983ECEC27}"
EndProject
Project("{8BC9CEB8-8B4A-11D0-8D11-00A0C91BC942}") = "libsrtp", "deps\libsrtp\libsrtp.vcxproj", "{94636E02-2BEA-EE2D-1909-3A8002575EF1}"
EndProject
Project("{8BC9CEB8-8B4A-11D0-8D11-00A0C91BC942}") = "libuv", "deps\libuv\libuv.vcxproj", "{FE75610F-79E5-5625-B7F3-E4BE2E9B92AA}"
EndProject
Project("{8BC9CEB8-8B4A-11D0-8D11-00A0C91BC942}") = "mediasoup-worker", "mediasoup-worker.vcxproj", "{DBDDACD5-4ABE-7DDD-CE72-E2E064FF94DF}"
	ProjectSection(ProjectDependencies) = postProject
		{ADAA7896-18C3-1249-BC39-AB8983ECEC27} = {ADAA7896-18C3-1249-BC39-AB8983ECEC27}
		{EA0F4193-3022-B73F-35F7-E8B0DA54856E} = {EA0F4193-3022-B73F-35F7-E8B0DA54856E}
		{FE75610F-79E5-5625-B7F3-E4BE2E9B92AA} = {FE75610F-79E5-5625-B7F3-E4BE2E9B92AA}
		{5C6460DB-F7B1-5315-A0DE-79A9DFC525A1} = {5C6460DB-F7B1-5315-A0DE-79A9DFC525A1}
		{94636E02-2BEA-EE2D-1909-3A8002575EF1} = {94636E02-2BEA-EE2D-1909-3A8002575EF1}
	EndProjectSection
EndProject
Project("{8BC9CEB8-8B4A-11D0-8D11-00A0C91BC942}") = "netstring", "deps\netstring\netstring.vcxproj", "{EA0F4193-3022-B73F-35F7-E8B0DA54856E}"
EndProject
Project("{8BC9CEB8-8B4A-11D0-8D11-00A0C91BC942}") = "openssl", "deps\openssl\openssl.vcxproj", "{5C6460DB-F7B1-5315-A0DE-79A9DFC525A1}"
EndProject
Global
	GlobalSection(SolutionConfigurationPlatforms) = preSolution
		Debug|Win32 = Debug|Win32
		Release|Win32 = Release|Win32
	EndGlobalSection
	GlobalSection(ProjectConfigurationPlatforms) = postSolution
		{5C6460DB-F7B1-5315-A0DE-79A9DFC525A1}.Debug|Win32.ActiveCfg = Debug|Win32
		{5C6460DB-F7B1-5315-A0DE-79A9DFC525A1}.Debug|Win32.Build.0 = Debug|Win32
		{5C6460DB-F7B1-5315-A0DE-79A9DFC525A1}.Release|Win32.ActiveCfg = Release|Win32
		{5C6460DB-F7B1-5315-A0DE-79A9DFC525A1}.Release|Win32.Build.0 = Release|Win32
		{94636E02-2BEA-EE2D-1909-3A8002575EF1}.Debug|Win32.ActiveCfg = Debug|Win32
		{94636E02-2BEA-EE2D-1909-3A8002575EF1}.Debug|Win32.Build.0 = Debug|Win32
		{94636E02-2BEA-EE2D-1909-3A8002575EF1}.Release|Win32.ActiveCfg = Release|Win32
		{94636E02-2BEA-EE2D-1909-3A8002575EF1}.Release|Win32.Build.0 = Release|Win32
		{ADAA7896-18C3-1249-BC39-AB8983ECEC27}.Debug|Win32.ActiveCfg = Debug|Win32
		{ADAA7896-18C3-1249-BC39-AB8983ECEC27}.Debug|Win32.Build.0 = Debug|Win32
		{ADAA7896-18C3-1249-BC39-AB8983ECEC27}.Release|Win32.ActiveCfg = Release|Win32
		{ADAA7896-18C3-1249-BC39-AB8983ECEC27}.Release|Win32.Build.0 = Release|Win32
		{DBDDACD5-4ABE-7DDD-CE72-E2E064FF94DF}.Debug|Win32.ActiveCfg = Debug|Win32
		{DBDDACD5-4ABE-7DDD-CE72-E2E064FF94DF}.Debug|Win32.Build.0 = Debug|Win32
		{DBDDACD5-4ABE-7DDD-CE72-E2E064FF94DF}.Release|Win32.ActiveCfg = Release|Win32
		{DBDDACD5-4ABE-7DDD-CE72-E2E064FF94DF}.Release|Win32.Build.0 = Release|Win32
		{EA0F4193-3022-B73F-35F7-E8B0DA54856E}.Debug|Win32.ActiveCfg = Debug|Win32
		{EA0F4193-3022-B73F-35F7-E8B0DA54856E}.Debug|Win32.Build.0 = Debug|Win32
		{EA0F4193-3022-B73F-35F7-E8B0DA54856E}.Release|Win32.ActiveCfg = Release|Win32
		{EA0F4193-3022-B73F-35F7-E8B0DA54856E}.Release|Win32.Build.0 = Release|Win32
		{FE75610F-79E5-5625-B7F3-E4BE2E9B92AA}.Debug|Win32.ActiveCfg = Debug|Win32
		{FE75610F-79E5-5625-B7F3-E4BE2E9B92AA}.Debug|Win32.Build.0 = Debug|Win32
		{FE75610F-79E5-5625-B7F3-E4BE2E9B92AA}.Release|Win32.ActiveCfg = Release|Win32
		{FE75610F-79E5-5625-B7F3-E4BE2E9B92AA}.Release|Win32.Build.0 = Release|Win32
	EndGlobalSection
	GlobalSection(SolutionProperties) = preSolution
		HideSolutionNode = FALSE
	EndGlobalSection
	GlobalSection(NestedProjects) = preSolution
		{ADAA7896-18C3-1249-BC39-AB8983ECEC27} = {01DF18E8-89C6-A25E-0006-40F7C4BCED1B}
		{94636E02-2BEA-EE2D-1909-3A8002575EF1} = {01DF18E8-89C6-A25E-0006-40F7C4BCED1B}
		{FE75610F-79E5-5625-B7F3-E4BE2E9B92AA} = {01DF18E8-89C6-A25E-0006-40F7C4BCED1B}
		{EA0F4193-3022-B73F-35F7-E8B0DA54856E} = {01DF18E8-89C6-A25E-0006-40F7C4BCED1B}
		{5C6460DB-F7B1-5315-A0DE-79A9DFC525A1} = {01DF18E8-89C6-A25E-0006-40F7C4BCED1B}
	EndGlobalSection
EndGlobal
